
Microsoft Visual Studio Solution File, Format Version 12.00
# Visual Studio Version 17
VisualStudioVersion = 17.2.32505.173
MinimumVisualStudioVersion = 10.0.40219.1
Project("{8BC9CEB8-8B4A-11D0-8D11-00A0C91BC942}") = "03_Overcoat_prg_operat", "03_Overcoat_prg_operat.vcxproj", "{563308D9-4756-4F9D-BFCE-C8979322E0D3}"
EndProject
Global
	GlobalSection(SolutionConfigurationPlatforms) = preSolution
		Debug|x64 = Debug|x64
		Debug|x86 = Debug|x86
		Release|x64 = Release|x64
		Release|x86 = Release|x86
	EndGlobalSection
	GlobalSection(ProjectConfigurationPlatforms) = postSolution
		{563308D9-4756-4F9D-BFCE-C8979322E0D3}.Debug|x64.ActiveCfg = Debug|x64
		{563308D9-4756-4F9D-BFCE-C8979322E0D3}.Debug|x64.Build.0 = Debug|x64
		{563308D9-4756-4F9D-BFCE-C8979322E0D3}.Debug|x86.ActiveCfg = Debug|Win32
		{563308D9-4756-4F9D-BFCE-C8979322E0D3}.Debug|x86.Build.0 = Debug|Win32
		{563308D9-4756-4F9D-BFCE-C8979322E0D3}.Release|x64.ActiveCfg = Release|x64
		{563308D9-4756-4F9D-BFCE-C8979322E0D3}.Release|x64.Build.0 = Release|x64
		{563308D9-4756-4F9D-BFCE-C8979322E0D3}.Release|x86.ActiveCfg = Release|Win32
		{563308D9-4756-4F9D-BFCE-C8979322E0D3}.Release|x86.Build.0 = Release|Win32
	EndGlobalSection
	GlobalSection(SolutionProperties) = preSolution
		HideSolutionNode = FALSE
	EndGlobalSection
	GlobalSection(ExtensibilityGlobals) = postSolution
		SolutionGuid = {27622EB7-699F-4BBE-94E5-77C95B119422}
	EndGlobalSection
EndGlobal
